// !$*UTF8*$!
{
	archiveVersion = 1;
	classes = {
	};
	objectVersion = 56;
	objects = {

/* Begin PBXBuildFile section */
		AE7A102E2932CF0B00E7243E /* TodoListApp.swift in Sources */ = {isa = PBXBuildFile; fileRef = AE7A102D2932CF0B00E7243E /* TodoListApp.swift */; };
		AE7A10322932CF0D00E7243E /* Assets.xcassets in Resources */ = {isa = PBXBuildFile; fileRef = AE7A10312932CF0D00E7243E /* Assets.xcassets */; };
		AE7A10352932CF0D00E7243E /* Preview Assets.xcassets in Resources */ = {isa = PBXBuildFile; fileRef = AE7A10342932CF0D00E7243E /* Preview Assets.xcassets */; };
		AE7A103D2932CFC900E7243E /* ListTodoView.swift in Sources */ = {isa = PBXBuildFile; fileRef = AE7A103C2932CFC900E7243E /* ListTodoView.swift */; };
		AE7A10402932D05C00E7243E /* ListTodoViewModel.swift in Sources */ = {isa = PBXBuildFile; fileRef = AE7A103F2932D05C00E7243E /* ListTodoViewModel.swift */; };
		AE7A10432932D29600E7243E /* Todo.swift in Sources */ = {isa = PBXBuildFile; fileRef = AE7A10422932D29600E7243E /* Todo.swift */; };
		AE7A10452932D9A500E7243E /* TodoForm.swift in Sources */ = {isa = PBXBuildFile; fileRef = AE7A10442932D9A500E7243E /* TodoForm.swift */; };
		AE7A10482932E6DD00E7243E /* TodoService.swift in Sources */ = {isa = PBXBuildFile; fileRef = AE7A10472932E6DD00E7243E /* TodoService.swift */; };
		AE7A104B2932E8C800E7243E /* NetworkingManger.swift in Sources */ = {isa = PBXBuildFile; fileRef = AE7A104A2932E8C800E7243E /* NetworkingManger.swift */; };
		AEABBCDD293BBB53002A19B0 /* FancyToastView.swift in Sources */ = {isa = PBXBuildFile; fileRef = AEABBCDC293BBB53002A19B0 /* FancyToastView.swift */; };
		AEABBCE0293BBF69002A19B0 /* FancyToastModifier.swift in Sources */ = {isa = PBXBuildFile; fileRef = AEABBCDF293BBF69002A19B0 /* FancyToastModifier.swift */; };
		AEABBCE9293BC689002A19B0 /* View.swift in Sources */ = {isa = PBXBuildFile; fileRef = AEABBCE8293BC689002A19B0 /* View.swift */; };
/* End PBXBuildFile section */

/* Begin PBXFileReference section */
		AE7A102A2932CF0B00E7243E /* TodoList.app */ = {isa = PBXFileReference; explicitFileType = wrapper.application; includeInIndex = 0; path = TodoList.app; sourceTree = BUILT_PRODUCTS_DIR; };
		AE7A102D2932CF0B00E7243E /* TodoListApp.swift */ = {isa = PBXFileReference; lastKnownFileType = sourcecode.swift; path = TodoListApp.swift; sourceTree = "<group>"; };
		AE7A10312932CF0D00E7243E /* Assets.xcassets */ = {isa = PBXFileReference; lastKnownFileType = folder.assetcatalog; path = Assets.xcassets; sourceTree = "<group>"; };
		AE7A10342932CF0D00E7243E /* Preview Assets.xcassets */ = {isa = PBXFileReference; lastKnownFileType = folder.assetcatalog; path = "Preview Assets.xcassets"; sourceTree = "<group>"; };
		AE7A103C2932CFC900E7243E /* ListTodoView.swift */ = {isa = PBXFileReference; lastKnownFileType = sourcecode.swift; path = ListTodoView.swift; sourceTree = "<group>"; };
		AE7A103F2932D05C00E7243E /* ListTodoViewModel.swift */ = {isa = PBXFileReference; lastKnownFileType = sourcecode.swift; path = ListTodoViewModel.swift; sourceTree = "<group>"; };
		AE7A10422932D29600E7243E /* Todo.swift */ = {isa = PBXFileReference; lastKnownFileType = sourcecode.swift; path = Todo.swift; sourceTree = "<group>"; };
		AE7A10442932D9A500E7243E /* TodoForm.swift */ = {isa = PBXFileReference; lastKnownFileType = sourcecode.swift; path = TodoForm.swift; sourceTree = "<group>"; };
		AE7A10472932E6DD00E7243E /* TodoService.swift */ = {isa = PBXFileReference; lastKnownFileType = sourcecode.swift; path = TodoService.swift; sourceTree = "<group>"; };
		AE7A104A2932E8C800E7243E /* NetworkingManger.swift */ = {isa = PBXFileReference; lastKnownFileType = sourcecode.swift; path = NetworkingManger.swift; sourceTree = "<group>"; };
		AEABBCDC293BBB53002A19B0 /* FancyToastView.swift */ = {isa = PBXFileReference; lastKnownFileType = sourcecode.swift; path = FancyToastView.swift; sourceTree = "<group>"; };
		AEABBCDF293BBF69002A19B0 /* FancyToastModifier.swift */ = {isa = PBXFileReference; lastKnownFileType = sourcecode.swift; path = FancyToastModifier.swift; sourceTree = "<group>"; };
		AEABBCE8293BC689002A19B0 /* View.swift */ = {isa = PBXFileReference; lastKnownFileType = sourcecode.swift; path = View.swift; sourceTree = "<group>"; };
/* End PBXFileReference section */

/* Begin PBXFrameworksBuildPhase section */
		AE7A10272932CF0B00E7243E /* Frameworks */ = {
			isa = PBXFrameworksBuildPhase;
			buildActionMask = 2147483647;
			files = (
			);
			runOnlyForDeploymentPostprocessing = 0;
		};
/* End PBXFrameworksBuildPhase section */

/* Begin PBXGroup section */
		AE7A10212932CF0B00E7243E = {
			isa = PBXGroup;
			children = (
				AE7A102C2932CF0B00E7243E /* TodoList */,
				AE7A102B2932CF0B00E7243E /* Products */,
			);
			sourceTree = "<group>";
		};
		AE7A102B2932CF0B00E7243E /* Products */ = {
			isa = PBXGroup;
			children = (
				AE7A102A2932CF0B00E7243E /* TodoList.app */,
			);
			name = Products;
			sourceTree = "<group>";
		};
		AE7A102C2932CF0B00E7243E /* TodoList */ = {
			isa = PBXGroup;
			children = (
				AE7A102D2932CF0B00E7243E /* TodoListApp.swift */,
				AEABBCE7293BC67A002A19B0 /* Extensions */,
				AE7A10492932E8BC00E7243E /* Utils */,
				AE7A10462932E6C500E7243E /* Services */,
				AE7A10412932D28800E7243E /* Models */,
				AE7A103E2932D04300E7243E /* ViewModels */,
				AE7A103B2932CFAC00E7243E /* Views */,
				AE7A10312932CF0D00E7243E /* Assets.xcassets */,
				AE7A10332932CF0D00E7243E /* Preview Content */,
			);
			path = TodoList;
			sourceTree = "<group>";
		};
		AE7A10332932CF0D00E7243E /* Preview Content */ = {
			isa = PBXGroup;
			children = (
				AE7A10342932CF0D00E7243E /* Preview Assets.xcassets */,
			);
			path = "Preview Content";
			sourceTree = "<group>";
		};
		AE7A103B2932CFAC00E7243E /* Views */ = {
			isa = PBXGroup;
			children = (
				AEABBCDE293BBF50002A19B0 /* FrancyToast */,
				AE7A103C2932CFC900E7243E /* ListTodoView.swift */,
				AE7A10442932D9A500E7243E /* TodoForm.swift */,
			);
			path = Views;
			sourceTree = "<group>";
		};
		AE7A103E2932D04300E7243E /* ViewModels */ = {
			isa = PBXGroup;
			children = (
				AE7A103F2932D05C00E7243E /* ListTodoViewModel.swift */,
			);
			path = ViewModels;
			sourceTree = "<group>";
		};
		AE7A10412932D28800E7243E /* Models */ = {
			isa = PBXGroup;
			children = (
				AE7A10422932D29600E7243E /* Todo.swift */,
			);
			path = Models;
			sourceTree = "<group>";
		};
		AE7A10462932E6C500E7243E /* Services */ = {
			isa = PBXGroup;
			children = (
				AE7A10472932E6DD00E7243E /* TodoService.swift */,
			);
			path = Services;
			sourceTree = "<group>";
		};
		AE7A10492932E8BC00E7243E /* Utils */ = {
			isa = PBXGroup;
			children = (
				AE7A104A2932E8C800E7243E /* NetworkingManger.swift */,
			);
			path = Utils;
			sourceTree = "<group>";
		};
		AEABBCDE293BBF50002A19B0 /* FrancyToast */ = {
			isa = PBXGroup;
			children = (
				AEABBCDC293BBB53002A19B0 /* FancyToastView.swift */,
				AEABBCDF293BBF69002A19B0 /* FancyToastModifier.swift */,
			);
			path = FrancyToast;
			sourceTree = "<group>";
		};
		AEABBCE7293BC67A002A19B0 /* Extensions */ = {
			isa = PBXGroup;
			children = (
				AEABBCE8293BC689002A19B0 /* View.swift */,
			);
			path = Extensions;
			sourceTree = "<group>";
		};
/* End PBXGroup section */

/* Begin PBXNativeTarget section */
		AE7A10292932CF0B00E7243E /* TodoList */ = {
			isa = PBXNativeTarget;
			buildConfigurationList = AE7A10382932CF0D00E7243E /* Build configuration list for PBXNativeTarget "TodoList" */;
			buildPhases = (
				AE7A10262932CF0B00E7243E /* Sources */,
				AE7A10272932CF0B00E7243E /* Frameworks */,
				AE7A10282932CF0B00E7243E /* Resources */,
			);
			buildRules = (
			);
			dependencies = (
			);
			name = TodoList;
			productName = TodoList;
			productReference = AE7A102A2932CF0B00E7243E /* TodoList.app */;
			productType = "com.apple.product-type.application";
		};
/* End PBXNativeTarget section */

/* Begin PBXProject section */
		AE7A10222932CF0B00E7243E /* Project object */ = {
			isa = PBXProject;
			attributes = {
				BuildIndependentTargetsInParallel = 1;
				LastSwiftUpdateCheck = 1400;
				LastUpgradeCheck = 1400;
				TargetAttributes = {
					AE7A10292932CF0B00E7243E = {
						CreatedOnToolsVersion = 14.0.1;
					};
				};
			};
			buildConfigurationList = AE7A10252932CF0B00E7243E /* Build configuration list for PBXProject "TodoList" */;
			compatibilityVersion = "Xcode 14.0";
			developmentRegion = en;
			hasScannedForEncodings = 0;
			knownRegions = (
				en,
				Base,
			);
			mainGroup = AE7A10212932CF0B00E7243E;
			productRefGroup = AE7A102B2932CF0B00E7243E /* Products */;
			projectDirPath = "";
			projectRoot = "";
			targets = (
				AE7A10292932CF0B00E7243E /* TodoList */,
			);
		};
/* End PBXProject section */

/* Begin PBXResourcesBuildPhase section */
		AE7A10282932CF0B00E7243E /* Resources */ = {
			isa = PBXResourcesBuildPhase;
			buildActionMask = 2147483647;
			files = (
				AE7A10352932CF0D00E7243E /* Preview Assets.xcassets in Resources */,
				AE7A10322932CF0D00E7243E /* Assets.xcassets in Resources */,
			);
			runOnlyForDeploymentPostprocessing = 0;
		};
/* End PBXResourcesBuildPhase section */

/* Begin PBXSourcesBuildPhase section */
		AE7A10262932CF0B00E7243E /* Sources */ = {
			isa = PBXSourcesBuildPhase;
			buildActionMask = 2147483647;
			files = (
				AEABBCE9293BC689002A19B0 /* View.swift in Sources */,
				AE7A103D2932CFC900E7243E /* ListTodoView.swift in Sources */,
				AE7A10402932D05C00E7243E /* ListTodoViewModel.swift in Sources */,
				AE7A104B2932E8C800E7243E /* NetworkingManger.swift in Sources */,
				AE7A102E2932CF0B00E7243E /* TodoListApp.swift in Sources */,
				AE7A10482932E6DD00E7243E /* TodoService.swift in Sources */,
				AEABBCE0293BBF69002A19B0 /* FancyToastModifier.swift in Sources */,
				AE7A10452932D9A500E7243E /* TodoForm.swift in Sources */,
				AEABBCDD293BBB53002A19B0 /* FancyToastView.swift in Sources */,
				AE7A10432932D29600E7243E /* Todo.swift in Sources */,
			);
			runOnlyForDeploymentPostprocessing = 0;
		};
/* End PBXSourcesBuildPhase section */

/* Begin XCBuildConfiguration section */
		AE7A10362932CF0D00E7243E /* Debug */ = {
			isa = XCBuildConfiguration;
			buildSettings = {
				ALWAYS_SEARCH_USER_PATHS = NO;
				CLANG_ANALYZER_NONNULL = YES;
				CLANG_ANALYZER_NUMBER_OBJECT_CONVERSION = YES_AGGRESSIVE;
				CLANG_CXX_LANGUAGE_STANDARD = "gnu++20";
				CLANG_ENABLE_MODULES = YES;
				CLANG_ENABLE_OBJC_ARC = YES;
				CLANG_ENABLE_OBJC_WEAK = YES;
				CLANG_WARN_BLOCK_CAPTURE_AUTORELEASING = YES;
				CLANG_WARN_BOOL_CONVERSION = YES;
				CLANG_WARN_COMMA = YES;
				CLANG_WARN_CONSTANT_CONVERSION = YES;
				CLANG_WARN_DEPRECATED_OBJC_IMPLEMENTATIONS = YES;
				CLANG_WARN_DIRECT_OBJC_ISA_USAGE = YES_ERROR;
				CLANG_WARN_DOCUMENTATION_COMMENTS = YES;
				CLANG_WARN_EMPTY_BODY = YES;
				CLANG_WARN_ENUM_CONVERSION = YES;
				CLANG_WARN_INFINITE_RECURSION = YES;
				CLANG_WARN_INT_CONVERSION = YES;
				CLANG_WARN_NON_LITERAL_NULL_CONVERSION = YES;
				CLANG_WARN_OBJC_IMPLICIT_RETAIN_SELF = YES;
				CLANG_WARN_OBJC_LITERAL_CONVERSION = YES;
				CLANG_WARN_OBJC_ROOT_CLASS = YES_ERROR;
				CLANG_WARN_QUOTED_INCLUDE_IN_FRAMEWORK_HEADER = YES;
				CLANG_WARN_RANGE_LOOP_ANALYSIS = YES;
				CLANG_WARN_STRICT_PROTOTYPES = YES;
				CLANG_WARN_SUSPICIOUS_MOVE = YES;
				CLANG_WARN_UNGUARDED_AVAILABILITY = YES_AGGRESSIVE;
				CLANG_WARN_UNREACHABLE_CODE = YES;
				CLANG_WARN__DUPLICATE_METHOD_MATCH = YES;
				COPY_PHASE_STRIP = NO;
				DEBUG_INFORMATION_FORMAT = dwarf;
				ENABLE_STRICT_OBJC_MSGSEND = YES;
				ENABLE_TESTABILITY = YES;
				GCC_C_LANGUAGE_STANDARD = gnu11;
				GCC_DYNAMIC_NO_PIC = NO;
				GCC_NO_COMMON_BLOCKS = YES;
				GCC_OPTIMIZATION_LEVEL = 0;
				GCC_PREPROCESSOR_DEFINITIONS = (
					"DEBUG=1",
					"$(inherited)",
				);
				GCC_WARN_64_TO_32_BIT_CONVERSION = YES;
				GCC_WARN_ABOUT_RETURN_TYPE = YES_ERROR;
				GCC_WARN_UNDECLARED_SELECTOR = YES;
				GCC_WARN_UNINITIALIZED_AUTOS = YES_AGGRESSIVE;
				GCC_WARN_UNUSED_FUNCTION = YES;
				GCC_WARN_UNUSED_VARIABLE = YES;
				IPHONEOS_DEPLOYMENT_TARGET = 16.0;
				MTL_ENABLE_DEBUG_INFO = INCLUDE_SOURCE;
				MTL_FAST_MATH = YES;
				ONLY_ACTIVE_ARCH = YES;
				SDKROOT = iphoneos;
				SWIFT_ACTIVE_COMPILATION_CONDITIONS = DEBUG;
				SWIFT_OPTIMIZATION_LEVEL = "-Onone";
			};
			name = Debug;
		};
		AE7A10372932CF0D00E7243E /* Release */ = {
			isa = XCBuildConfiguration;
			buildSettings = {
				ALWAYS_SEARCH_USER_PATHS = NO;
				CLANG_ANALYZER_NONNULL = YES;
				CLANG_ANALYZER_NUMBER_OBJECT_CONVERSION = YES_AGGRESSIVE;
				CLANG_CXX_LANGUAGE_STANDARD = "gnu++20";
				CLANG_ENABLE_MODULES = YES;
				CLANG_ENABLE_OBJC_ARC = YES;
				CLANG_ENABLE_OBJC_WEAK = YES;
				CLANG_WARN_BLOCK_CAPTURE_AUTORELEASING = YES;
				CLANG_WARN_BOOL_CONVERSION = YES;
				CLANG_WARN_COMMA = YES;
				CLANG_WARN_CONSTANT_CONVERSION = YES;
				CLANG_WARN_DEPRECATED_OBJC_IMPLEMENTATIONS = YES;
				CLANG_WARN_DIRECT_OBJC_ISA_USAGE = YES_ERROR;
				CLANG_WARN_DOCUMENTATION_COMMENTS = YES;
				CLANG_WARN_EMPTY_BODY = YES;
				CLANG_WARN_ENUM_CONVERSION = YES;
				CLANG_WARN_INFINITE_RECURSION = YES;
				CLANG_WARN_INT_CONVERSION = YES;
				CLANG_WARN_NON_LITERAL_NULL_CONVERSION = YES;
				CLANG_WARN_OBJC_IMPLICIT_RETAIN_SELF = YES;
				CLANG_WARN_OBJC_LITERAL_CONVERSION = YES;
				CLANG_WARN_OBJC_ROOT_CLASS = YES_ERROR;
				CLANG_WARN_QUOTED_INCLUDE_IN_FRAMEWORK_HEADER = YES;
				CLANG_WARN_RANGE_LOOP_ANALYSIS = YES;
				CLANG_WARN_STRICT_PROTOTYPES = YES;
				CLANG_WARN_SUSPICIOUS_MOVE = YES;
				CLANG_WARN_UNGUARDED_AVAILABILITY = YES_AGGRESSIVE;
				CLANG_WARN_UNREACHABLE_CODE = YES;
				CLANG_WARN__DUPLICATE_METHOD_MATCH = YES;
				COPY_PHASE_STRIP = NO;
				DEBUG_INFORMATION_FORMAT = "dwarf-with-dsym";
				ENABLE_NS_ASSERTIONS = NO;
				ENABLE_STRICT_OBJC_MSGSEND = YES;
				GCC_C_LANGUAGE_STANDARD = gnu11;
				GCC_NO_COMMON_BLOCKS = YES;
				GCC_WARN_64_TO_32_BIT_CONVERSION = YES;
				GCC_WARN_ABOUT_RETURN_TYPE = YES_ERROR;
				GCC_WARN_UNDECLARED_SELECTOR = YES;
				GCC_WARN_UNINITIALIZED_AUTOS = YES_AGGRESSIVE;
				GCC_WARN_UNUSED_FUNCTION = YES;
				GCC_WARN_UNUSED_VARIABLE = YES;
				IPHONEOS_DEPLOYMENT_TARGET = 16.0;
				MTL_ENABLE_DEBUG_INFO = NO;
				MTL_FAST_MATH = YES;
				SDKROOT = iphoneos;
				SWIFT_COMPILATION_MODE = wholemodule;
				SWIFT_OPTIMIZATION_LEVEL = "-O";
				VALIDATE_PRODUCT = YES;
			};
			name = Release;
		};
		AE7A10392932CF0D00E7243E /* Debug */ = {
			isa = XCBuildConfiguration;
			buildSettings = {
				ASSETCATALOG_COMPILER_APPICON_NAME = AppIcon;
				ASSETCATALOG_COMPILER_GLOBAL_ACCENT_COLOR_NAME = AccentColor;
				CODE_SIGN_STYLE = Automatic;
				CURRENT_PROJECT_VERSION = 1;
				DEVELOPMENT_ASSET_PATHS = "\"TodoList/Preview Content\"";
				DEVELOPMENT_TEAM = SHH253MMUN;
				ENABLE_PREVIEWS = YES;
				GENERATE_INFOPLIST_FILE = YES;
				INFOPLIST_KEY_UIApplicationSceneManifest_Generation = YES;
				INFOPLIST_KEY_UIApplicationSupportsIndirectInputEvents = YES;
				INFOPLIST_KEY_UILaunchScreen_Generation = YES;
				INFOPLIST_KEY_UISupportedInterfaceOrientations_iPad = "UIInterfaceOrientationPortrait UIInterfaceOrientationPortraitUpsideDown UIInterfaceOrientationLandscapeLeft UIInterfaceOrientationLandscapeRight";
				INFOPLIST_KEY_UISupportedInterfaceOrientations_iPhone = "UIInterfaceOrientationPortrait UIInterfaceOrientationLandscapeLeft UIInterfaceOrientationLandscapeRight";
				LD_RUNPATH_SEARCH_PATHS = (
					"$(inherited)",
					"@executable_path/Frameworks",
				);
				MARKETING_VERSION = 1.0;
				PRODUCT_BUNDLE_IDENTIFIER = com.lucasramos.TodoList;
				PRODUCT_NAME = "$(TARGET_NAME)";
				SWIFT_EMIT_LOC_STRINGS = YES;
				SWIFT_VERSION = 5.0;
				TARGETED_DEVICE_FAMILY = "1,2";
			};
			name = Debug;
		};
		AE7A103A2932CF0D00E7243E /* Release */ = {
			isa = XCBuildConfiguration;
			buildSettings = {
				ASSETCATALOG_COMPILER_APPICON_NAME = AppIcon;
				ASSETCATALOG_COMPILER_GLOBAL_ACCENT_COLOR_NAME = AccentColor;
				CODE_SIGN_STYLE = Automatic;
				CURRENT_PROJECT_VERSION = 1;
				DEVELOPMENT_ASSET_PATHS = "\"TodoList/Preview Content\"";
				DEVELOPMENT_TEAM = SHH253MMUN;
				ENABLE_PREVIEWS = YES;
				GENERATE_INFOPLIST_FILE = YES;
				INFOPLIST_KEY_UIApplicationSceneManifest_Generation = YES;
				INFOPLIST_KEY_UIApplicationSupportsIndirectInputEvents = YES;
				INFOPLIST_KEY_UILaunchScreen_Generation = YES;
				INFOPLIST_KEY_UISupportedInterfaceOrientations_iPad = "UIInterfaceOrientationPortrait UIInterfaceOrientationPortraitUpsideDown UIInterfaceOrientationLandscapeLeft UIInterfaceOrientationLandscapeRight";
				INFOPLIST_KEY_UISupportedInterfaceOrientations_iPhone = "UIInterfaceOrientationPortrait UIInterfaceOrientationLandscapeLeft UIInterfaceOrientationLandscapeRight";
				LD_RUNPATH_SEARCH_PATHS = (
					"$(inherited)",
					"@executable_path/Frameworks",
				);
				MARKETING_VERSION = 1.0;
				PRODUCT_BUNDLE_IDENTIFIER = com.lucasramos.TodoList;
				PRODUCT_NAME = "$(TARGET_NAME)";
				SWIFT_EMIT_LOC_STRINGS = YES;
				SWIFT_VERSION = 5.0;
				TARGETED_DEVICE_FAMILY = "1,2";
			};
			name = Release;
		};
/* End XCBuildConfiguration section */

/* Begin XCConfigurationList section */
		AE7A10252932CF0B00E7243E /* Build configuration list for PBXProject "TodoList" */ = {
			isa = XCConfigurationList;
			buildConfigurations = (
				AE7A10362932CF0D00E7243E /* Debug */,
				AE7A10372932CF0D00E7243E /* Release */,
			);
			defaultConfigurationIsVisible = 0;
			defaultConfigurationName = Release;
		};
		AE7A10382932CF0D00E7243E /* Build configuration list for PBXNativeTarget "TodoList" */ = {
			isa = XCConfigurationList;
			buildConfigurations = (
				AE7A10392932CF0D00E7243E /* Debug */,
				AE7A103A2932CF0D00E7243E /* Release */,
			);
			defaultConfigurationIsVisible = 0;
			defaultConfigurationName = Release;
		};
/* End XCConfigurationList section */
	};
	rootObject = AE7A10222932CF0B00E7243E /* Project object */;
}
